{
  "name": "sandbox-core",
  "version": "0.1.0",
  "lockfileVersion": 3,
  "requires": true,
  "packages": {
    "": {
      "name": "sandbox-core",
      "version": "0.1.0",
      "workspaces": [
        "packages/*"
      ],
      "devDependencies": {
        "@types/node": "^22.15.3",
        "typescript": "^5.8.3"
      }
    },
    "node_modules/@sandbox-core/adapter-azure": {
      "resolved": "packages/adapter-azure",
      "link": true
    },
    "node_modules/@sandbox-core/adapter-local-docker": {
      "resolved": "packages/adapter-local-docker",
      "link": true
    },
    "node_modules/@sandbox-core/adapter-memory": {
      "resolved": "packages/adapter-memory",
      "link": true
    },
    "node_modules/@sandbox-core/adapter-opensandbox": {
      "resolved": "packages/adapter-opensandbox",
      "link": true
    },
    "node_modules/@sandbox-core/core": {
      "resolved": "packages/core",
      "link": true
    },
    "node_modules/@sandbox-core/schemas": {
      "resolved": "packages/schemas",
      "link": true
    },
    "node_modules/@sandbox-core/sdk-typescript": {
      "resolved": "packages/sdk-typescript",
      "link": true
    },
    "node_modules/@types/node": {
      "version": "22.19.17",
      "resolved": "https://registry.npmjs.org/@types/node/-/node-22.19.17.tgz",
      "integrity": "sha512-wGdMcf+vPYM6jikpS/qhg6WiqSV/OhG+jeeHT/KlVqxYfD40iYJf9/AE1uQxVWFvU7MipKRkRv8NSHiCGgPr8Q==",
      "dev": true,
      "license": "MIT",
      "dependencies": {
        "undici-types": "~6.21.0"
      }
    },
    "node_modules/typescript": {
      "version": "5.9.3",
      "resolved": "https://registry.npmjs.org/typescript/-/typescript-5.9.3.tgz",
      "integrity": "sha512-jl1vZzPDinLr9eUt3J/t7V6FgNEw9QjvBPdysz9KfQDD41fQrC2Y4vKQdiaUpFT4bXlb1RHhLpp8wtm6M5TgSw==",
      "dev": true,
      "license": "Apache-2.0",
      "bin": {
        "tsc": "bin/tsc",
        "tsserver": "bin/tsserver"
      },
      "engines": {
        "node": ">=14.17"
      }
    },
    "node_modules/undici-types": {
      "version": "6.21.0",
      "resolved": "https://registry.npmjs.org/undici-types/-/undici-types-6.21.0.tgz",
      "integrity": "sha512-iwDZqg0QAGrg9Rav5H4n0M64c3mkR59cJ6wQp+7C4nI0gsmExaedaYLNO44eT4AtBBwjbTiGPMlt2Md0T9H9JQ==",
      "dev": true,
      "license": "MIT"
    },
    "packages/adapter-azure": {
      "name": "@sandbox-core/adapter-azure",
      "version": "0.1.0",
      "dependencies": {
        "@sandbox-core/core": "0.1.0"
      }
    },
    "packages/adapter-local-docker": {
      "name": "@sandbox-core/adapter-local-docker",
      "version": "0.1.0",
      "dependencies": {
        "@sandbox-core/core": "0.1.0"
      }
    },
    "packages/adapter-memory": {
      "name": "@sandbox-core/adapter-memory",
      "version": "0.1.0",
      "dependencies": {
        "@sandbox-core/core": "0.1.0"
      }
    },
    "packages/adapter-opensandbox": {
      "name": "@sandbox-core/adapter-opensandbox",
      "version": "0.1.0",
      "dependencies": {
        "@sandbox-core/core": "0.1.0"
      }
    },
    "packages/core": {
      "name": "@sandbox-core/core",
      "version": "0.1.0"
    },
    "packages/schemas": {
      "name": "@sandbox-core/schemas",
      "version": "0.1.0"
    },
    "packages/sdk-typescript": {
      "name": "@sandbox-core/sdk-typescript",
      "version": "0.1.0",
      "dependencies": {
        "@sandbox-core/core": "0.1.0",
        "@sandbox-core/schemas": "0.1.0"
      }
    }
  }
}
